Microsoft Visual Studio Solution File, Format Version 12.00
# Visual Studio Version 17
VisualStudioVersion = 17.5.2.0
MinimumVisualStudioVersion = 10.0.40219.1
Project("{FAE04EC0-301F-11D3-BF4B-00C04F79EFBC}") = "BibliotecaDB", "BibliotecaDB.csproj", "{3D346AB0-562F-C6FE-BD58-F06007C81DE5}"
EndProject
Global
	GlobalSection(SolutionConfigurationPlatforms) = preSolution
		Debug|Any CPU = Debug|Any CPU
		Release|Any CPU = Release|Any CPU
	EndGlobalSection
	GlobalSection(ProjectConfigurationPlatforms) = postSolution
		{3D346AB0-562F-C6FE-BD58-F06007C81DE5}.Debug|Any CPU.ActiveCfg = Debug|Any CPU
		{3D346AB0-562F-C6FE-BD58-F06007C81DE5}.Debug|Any CPU.Build.0 = Debug|Any CPU
		{3D346AB0-562F-C6FE-BD58-F06007C81DE5}.Release|Any CPU.ActiveCfg = Release|Any CPU
		{3D346AB0-562F-C6FE-BD58-F06007C81DE5}.Release|Any CPU.Build.0 = Release|Any CPU
	EndGlobalSection
	GlobalSection(SolutionProperties) = preSolution
		HideSolutionNode = FALSE
	EndGlobalSection
	GlobalSection(ExtensibilityGlobals) = postSolution
		SolutionGuid = {84DB29EC-5F30-4828-82E7-42C13C10324D}
	EndGlobalSection
EndGlobal
